{
    "_meta": {
        "hash": {
            "sha256": "62af227780126a6fe64b2c7df9be3575eb78b59db1679b0554e2c9d8e4919cda"
        },
        "pipfile-spec": 6,
        "requires": {
            "python_version": "3.6"
        },
        "sources": [
            {
                "name": "pypi",
                "url": "https://pypi.org/simple",
                "verify_ssl": true
            }
        ]
    },
    "default": {
        "django": {
            "hashes": [
                "sha256:665457d4146bbd34ae9d2970fa3b37082d7b225b0671bfd24c337458f229db78",
                "sha256:bde46d4dbc410678e89bc95ea5d312dd6eb4c37d0fa0e19c9415cad94addf22f"
            ],
            "index": "pypi",
            "version": "==2.0.13"
        },
        "pytz": {
            "hashes": [
                "sha256:26c0b32e437e54a18161324a2fca3c4b9846b74a8dccddd843113109e1116b32",
                "sha256:c894d57500a4cd2d5c71114aaab77dbab5eabd9022308ce5ac9bb93a60a6f0c7"
            ],
            "version": "==2019.2"
        }
    },
    "develop": {}
}
